
Microsoft Visual Studio Solution File, Format Version 12.00
# Visual Studio 15
VisualStudioVersion = 15.0.28307.902
MinimumVisualStudioVersion = 10.0.40219.1
Project("{FAE04EC0-301F-11D3-BF4B-00C04F79EFBC}") = "ConnectCRMUsingadapp_ClientCredentialGrant", "ConnectCRMUsingadapp_CLientCredentialGrant\ConnectCRMUsingadapp_ClientCredentialGrant.csproj", "{C8D1D1C7-DA91-49F8-A841-578C4426BC37}"
EndProject
Global
	GlobalSection(SolutionConfigurationPlatforms) = preSolution
		Debug|Any CPU = Debug|Any CPU
		Release|Any CPU = Release|Any CPU
	EndGlobalSection
	GlobalSection(ProjectConfigurationPlatforms) = postSolution
		{C8D1D1C7-DA91-49F8-A841-578C4426BC37}.Debug|Any CPU.ActiveCfg = Debug|Any CPU
		{C8D1D1C7-DA91-49F8-A841-578C4426BC37}.Debug|Any CPU.Build.0 = Debug|Any CPU
		{C8D1D1C7-DA91-49F8-A841-578C4426BC37}.Release|Any CPU.ActiveCfg = Release|Any CPU
		{C8D1D1C7-DA91-49F8-A841-578C4426BC37}.Release|Any CPU.Build.0 = Release|Any CPU
	EndGlobalSection
	GlobalSection(SolutionProperties) = preSolution
		HideSolutionNode = FALSE
	EndGlobalSection
	GlobalSection(ExtensibilityGlobals) = postSolution
		SolutionGuid = {B4AFCB66-CDDA-418C-80C4-1A2EDE4BD068}
	EndGlobalSection
EndGlobal
